
Microsoft Visual Studio Solution File, Format Version 12.00
# Visual Studio Version 17
VisualStudioVersion = 17.11.35219.272
MinimumVisualStudioVersion = 10.0.40219.1
Project("{8BC9CEB8-8B4A-11D0-8D11-00A0C91BC942}") = "1-ornek-offset", "1-ornek-offset\1-ornek-offset.vcxproj", "{81E47884-0349-4B54-B364-41890C8DF235}"
EndProject
Global
	GlobalSection(SolutionConfigurationPlatforms) = preSolution
		Debug|x64 = Debug|x64
		Debug|x86 = Debug|x86
		Release|x64 = Release|x64
		Release|x86 = Release|x86
	EndGlobalSection
	GlobalSection(ProjectConfigurationPlatforms) = postSolution
		{81E47884-0349-4B54-B364-41890C8DF235}.Debug|x64.ActiveCfg = Debug|x64
		{81E47884-0349-4B54-B364-41890C8DF235}.Debug|x64.Build.0 = Debug|x64
		{81E47884-0349-4B54-B364-41890C8DF235}.Debug|x86.ActiveCfg = Debug|Win32
		{81E47884-0349-4B54-B364-41890C8DF235}.Debug|x86.Build.0 = Debug|Win32
		{81E47884-0349-4B54-B364-41890C8DF235}.Release|x64.ActiveCfg = Release|x64
		{81E47884-0349-4B54-B364-41890C8DF235}.Release|x64.Build.0 = Release|x64
		{81E47884-0349-4B54-B364-41890C8DF235}.Release|x86.ActiveCfg = Release|Win32
		{81E47884-0349-4B54-B364-41890C8DF235}.Release|x86.Build.0 = Release|Win32
	EndGlobalSection
	GlobalSection(SolutionProperties) = preSolution
		HideSolutionNode = FALSE
	EndGlobalSection
	GlobalSection(ExtensibilityGlobals) = postSolution
		SolutionGuid = {B33DC375-D50E-4186-9B49-064A12721042}
	EndGlobalSection
EndGlobal
